
Microsoft Visual Studio Solution File, Format Version 12.00
# Visual Studio Version 16
VisualStudioVersion = 25.0.1703.4
MinimumVisualStudioVersion = 10.0.40219.1
Project("{FAE04EC0-301F-11D3-BF4B-00C04F79EFBC}") = "Week14OOP", "Week14OOP\Week14OOP.csproj", "{D9D7F900-62AB-4393-B3A9-EA58A00AC740}"
EndProject
Global
	GlobalSection(SolutionConfigurationPlatforms) = preSolution
		Debug|Any CPU = Debug|Any CPU
		Release|Any CPU = Release|Any CPU
	EndGlobalSection
	GlobalSection(ProjectConfigurationPlatforms) = postSolution
		{D9D7F900-62AB-4393-B3A9-EA58A00AC740}.Debug|Any CPU.ActiveCfg = Debug|Any CPU
		{D9D7F900-62AB-4393-B3A9-EA58A00AC740}.Debug|Any CPU.Build.0 = Debug|Any CPU
		{D9D7F900-62AB-4393-B3A9-EA58A00AC740}.Release|Any CPU.ActiveCfg = Release|Any CPU
		{D9D7F900-62AB-4393-B3A9-EA58A00AC740}.Release|Any CPU.Build.0 = Release|Any CPU
	EndGlobalSection
	GlobalSection(SolutionProperties) = preSolution
		HideSolutionNode = FALSE
	EndGlobalSection
	GlobalSection(ExtensibilityGlobals) = postSolution
		SolutionGuid = {1EC03D09-0FCD-4176-857F-81DE36ED91E9}
	EndGlobalSection
EndGlobal
